
Microsoft Visual Studio Solution File, Format Version 11.00
# Visual Studio 2010
Project("{8BC9CEB8-8B4A-11D0-8D11-00A0C91BC942}") = "20140526_真っ暗ウィンドウ", "20140526_真っ暗ウィンドウ.vcxproj", "{B54A9C54-E660-4DCA-92D4-A72EB03A9F1F}"
EndProject
Global
	GlobalSection(SolutionConfigurationPlatforms) = preSolution
		Debug|Win32 = Debug|Win32
		Release|Win32 = Release|Win32
	EndGlobalSection
	GlobalSection(ProjectConfigurationPlatforms) = postSolution
		{B54A9C54-E660-4DCA-92D4-A72EB03A9F1F}.Debug|Win32.ActiveCfg = Debug|Win32
		{B54A9C54-E660-4DCA-92D4-A72EB03A9F1F}.Debug|Win32.Build.0 = Debug|Win32
		{B54A9C54-E660-4DCA-92D4-A72EB03A9F1F}.Release|Win32.ActiveCfg = Release|Win32
		{B54A9C54-E660-4DCA-92D4-A72EB03A9F1F}.Release|Win32.Build.0 = Release|Win32
	EndGlobalSection
	GlobalSection(SolutionProperties) = preSolution
		HideSolutionNode = FALSE
	EndGlobalSection
EndGlobal
